
Microsoft Visual Studio Solution File, Format Version 12.00
# Visual Studio 14
VisualStudioVersion = 14.0.25420.1
MinimumVisualStudioVersion = 10.0.40219.1
Project("{FAE04EC0-301F-11D3-BF4B-00C04F79EFBC}") = "CPMcon", "CPMcon\CPMcon.csproj", "{1ABA2D98-7C77-4E60-A01C-BDDE3E20D6D3}"
EndProject
Project("{FAE04EC0-301F-11D3-BF4B-00C04F79EFBC}") = "CPMEngine", "CPMEngine\CPMEngine.csproj", "{743F8B20-F25A-44EE-85ED-A1A2F15824A8}"
EndProject
Project("{FAE04EC0-301F-11D3-BF4B-00C04F79EFBC}") = "Activities", "Activities\Activities.csproj", "{050E1506-E5CD-4F04-9501-08EE46A7AA03}"
EndProject
Project("{FAE04EC0-301F-11D3-BF4B-00C04F79EFBC}") = "Relationships", "Relationships\Relationships.csproj", "{D829F092-DC41-4278-8D95-6881455C8DD0}"
EndProject
Project("{FAE04EC0-301F-11D3-BF4B-00C04F79EFBC}") = "Interfaces", "Interfaces\Interfaces.csproj", "{FB9CB912-E1CD-435D-895C-275D17478F42}"
EndProject
Project("{FAE04EC0-301F-11D3-BF4B-00C04F79EFBC}") = "Projects", "Networks\Projects.csproj", "{DB932542-E33C-43AF-B4A3-B5AB72AC1F08}"
EndProject
Project("{FAE04EC0-301F-11D3-BF4B-00C04F79EFBC}") = "Resources", "Resources\Resources.csproj", "{59420BE5-A4BA-4A72-BA1C-3DA44D5B9D7D}"
EndProject
Project("{FAE04EC0-301F-11D3-BF4B-00C04F79EFBC}") = "ResourceAssignments", "ResourceAssignment\ResourceAssignments.csproj", "{F4F9F475-B47A-479D-817B-4297359809D7}"
EndProject
Project("{FAE04EC0-301F-11D3-BF4B-00C04F79EFBC}") = "Calendars", "Calendars\Calendars.csproj", "{C367E35C-FE3D-4CB7-8263-66928618E2D2}"
EndProject
Project("{FAE04EC0-301F-11D3-BF4B-00C04F79EFBC}") = "Utilities", "Utilities\Utilities.csproj", "{4E963D36-1D48-4E1C-B9F8-4DF04B30AB93}"
EndProject
Project("{FAE04EC0-301F-11D3-BF4B-00C04F79EFBC}") = "ResourceCurves", "ResourceCurve\ResourceCurves.csproj", "{E777E8A0-1782-470D-B233-82782FE3A781}"
EndProject
Project("{FAE04EC0-301F-11D3-BF4B-00C04F79EFBC}") = "WBS", "WBS\WBS.csproj", "{D7DC21A1-CDF8-4001-9255-EAD9C838689D}"
EndProject
Project("{FAE04EC0-301F-11D3-BF4B-00C04F79EFBC}") = "Risk", "Risk\Risk.csproj", "{06CBD056-ED9B-4DF6-8481-C367892A21B9}"
EndProject
Global
	GlobalSection(SolutionConfigurationPlatforms) = preSolution
		Debug|Any CPU = Debug|Any CPU
		Release|Any CPU = Release|Any CPU
	EndGlobalSection
	GlobalSection(ProjectConfigurationPlatforms) = postSolution
		{1ABA2D98-7C77-4E60-A01C-BDDE3E20D6D3}.Debug|Any CPU.ActiveCfg = Debug|Any CPU
		{1ABA2D98-7C77-4E60-A01C-BDDE3E20D6D3}.Debug|Any CPU.Build.0 = Debug|Any CPU
		{1ABA2D98-7C77-4E60-A01C-BDDE3E20D6D3}.Release|Any CPU.ActiveCfg = Release|Any CPU
		{1ABA2D98-7C77-4E60-A01C-BDDE3E20D6D3}.Release|Any CPU.Build.0 = Release|Any CPU
		{743F8B20-F25A-44EE-85ED-A1A2F15824A8}.Debug|Any CPU.ActiveCfg = Debug|Any CPU
		{743F8B20-F25A-44EE-85ED-A1A2F15824A8}.Debug|Any CPU.Build.0 = Debug|Any CPU
		{743F8B20-F25A-44EE-85ED-A1A2F15824A8}.Release|Any CPU.ActiveCfg = Release|Any CPU
		{743F8B20-F25A-44EE-85ED-A1A2F15824A8}.Release|Any CPU.Build.0 = Release|Any CPU
		{050E1506-E5CD-4F04-9501-08EE46A7AA03}.Debug|Any CPU.ActiveCfg = Debug|Any CPU
		{050E1506-E5CD-4F04-9501-08EE46A7AA03}.Debug|Any CPU.Build.0 = Debug|Any CPU
		{050E1506-E5CD-4F04-9501-08EE46A7AA03}.Release|Any CPU.ActiveCfg = Release|Any CPU
		{050E1506-E5CD-4F04-9501-08EE46A7AA03}.Release|Any CPU.Build.0 = Release|Any CPU
		{D829F092-DC41-4278-8D95-6881455C8DD0}.Debug|Any CPU.ActiveCfg = Debug|Any CPU
		{D829F092-DC41-4278-8D95-6881455C8DD0}.Debug|Any CPU.Build.0 = Debug|Any CPU
		{D829F092-DC41-4278-8D95-6881455C8DD0}.Release|Any CPU.ActiveCfg = Release|Any CPU
		{D829F092-DC41-4278-8D95-6881455C8DD0}.Release|Any CPU.Build.0 = Release|Any CPU
		{FB9CB912-E1CD-435D-895C-275D17478F42}.Debug|Any CPU.ActiveCfg = Debug|Any CPU
		{FB9CB912-E1CD-435D-895C-275D17478F42}.Debug|Any CPU.Build.0 = Debug|Any CPU
		{FB9CB912-E1CD-435D-895C-275D17478F42}.Release|Any CPU.ActiveCfg = Release|Any CPU
		{FB9CB912-E1CD-435D-895C-275D17478F42}.Release|Any CPU.Build.0 = Release|Any CPU
		{DB932542-E33C-43AF-B4A3-B5AB72AC1F08}.Debug|Any CPU.ActiveCfg = Debug|Any CPU
		{DB932542-E33C-43AF-B4A3-B5AB72AC1F08}.Debug|Any CPU.Build.0 = Debug|Any CPU
		{DB932542-E33C-43AF-B4A3-B5AB72AC1F08}.Release|Any CPU.ActiveCfg = Release|Any CPU
		{DB932542-E33C-43AF-B4A3-B5AB72AC1F08}.Release|Any CPU.Build.0 = Release|Any CPU
		{59420BE5-A4BA-4A72-BA1C-3DA44D5B9D7D}.Debug|Any CPU.ActiveCfg = Debug|Any CPU
		{59420BE5-A4BA-4A72-BA1C-3DA44D5B9D7D}.Debug|Any CPU.Build.0 = Debug|Any CPU
		{59420BE5-A4BA-4A72-BA1C-3DA44D5B9D7D}.Release|Any CPU.ActiveCfg = Release|Any CPU
		{59420BE5-A4BA-4A72-BA1C-3DA44D5B9D7D}.Release|Any CPU.Build.0 = Release|Any CPU
		{F4F9F475-B47A-479D-817B-4297359809D7}.Debug|Any CPU.ActiveCfg = Debug|Any CPU
		{F4F9F475-B47A-479D-817B-4297359809D7}.Debug|Any CPU.Build.0 = Debug|Any CPU
		{F4F9F475-B47A-479D-817B-4297359809D7}.Release|Any CPU.ActiveCfg = Release|Any CPU
		{F4F9F475-B47A-479D-817B-4297359809D7}.Release|Any CPU.Build.0 = Release|Any CPU
		{C367E35C-FE3D-4CB7-8263-66928618E2D2}.Debug|Any CPU.ActiveCfg = Debug|Any CPU
		{C367E35C-FE3D-4CB7-8263-66928618E2D2}.Debug|Any CPU.Build.0 = Debug|Any CPU
		{C367E35C-FE3D-4CB7-8263-66928618E2D2}.Release|Any CPU.ActiveCfg = Release|Any CPU
		{C367E35C-FE3D-4CB7-8263-66928618E2D2}.Release|Any CPU.Build.0 = Release|Any CPU
		{4E963D36-1D48-4E1C-B9F8-4DF04B30AB93}.Debug|Any CPU.ActiveCfg = Debug|Any CPU
		{4E963D36-1D48-4E1C-B9F8-4DF04B30AB93}.Debug|Any CPU.Build.0 = Debug|Any CPU
		{4E963D36-1D48-4E1C-B9F8-4DF04B30AB93}.Release|Any CPU.ActiveCfg = Release|Any CPU
		{4E963D36-1D48-4E1C-B9F8-4DF04B30AB93}.Release|Any CPU.Build.0 = Release|Any CPU
		{E777E8A0-1782-470D-B233-82782FE3A781}.Debug|Any CPU.ActiveCfg = Debug|Any CPU
		{E777E8A0-1782-470D-B233-82782FE3A781}.Debug|Any CPU.Build.0 = Debug|Any CPU
		{E777E8A0-1782-470D-B233-82782FE3A781}.Release|Any CPU.ActiveCfg = Release|Any CPU
		{E777E8A0-1782-470D-B233-82782FE3A781}.Release|Any CPU.Build.0 = Release|Any CPU
		{D7DC21A1-CDF8-4001-9255-EAD9C838689D}.Debug|Any CPU.ActiveCfg = Debug|Any CPU
		{D7DC21A1-CDF8-4001-9255-EAD9C838689D}.Debug|Any CPU.Build.0 = Debug|Any CPU
		{D7DC21A1-CDF8-4001-9255-EAD9C838689D}.Release|Any CPU.ActiveCfg = Release|Any CPU
		{D7DC21A1-CDF8-4001-9255-EAD9C838689D}.Release|Any CPU.Build.0 = Release|Any CPU
		{06CBD056-ED9B-4DF6-8481-C367892A21B9}.Debug|Any CPU.ActiveCfg = Debug|Any CPU
		{06CBD056-ED9B-4DF6-8481-C367892A21B9}.Debug|Any CPU.Build.0 = Debug|Any CPU
		{06CBD056-ED9B-4DF6-8481-C367892A21B9}.Release|Any CPU.ActiveCfg = Release|Any CPU
		{06CBD056-ED9B-4DF6-8481-C367892A21B9}.Release|Any CPU.Build.0 = Release|Any CPU
	EndGlobalSection
	GlobalSection(SolutionProperties) = preSolution
		HideSolutionNode = FALSE
	EndGlobalSection
EndGlobal
